
Microsoft Visual Studio Solution File, Format Version 12.00
# Visual Studio 14
VisualStudioVersion = 14.0.25420.1
MinimumVisualStudioVersion = 10.0.40219.1
Project("{FAE04EC0-301F-11D3-BF4B-00C04F79EFBC}") = "LyrickPick", "LyrickPick\LyrickPick.csproj", "{EB620A42-B076-442C-9E5F-32681A1AF63B}"
EndProject
Project("{FAE04EC0-301F-11D3-BF4B-00C04F79EFBC}") = "UnitTestProject1", "UnitTestProject1\UnitTestProject1.csproj", "{3499DD93-BD41-47D8-80D8-E827C905505A}"
EndProject
Global
	GlobalSection(SolutionConfigurationPlatforms) = preSolution
		Debug|Any CPU = Debug|Any CPU
		Debug|ARM = Debug|ARM
		Debug|x64 = Debug|x64
		Debug|x86 = Debug|x86
		Release|Any CPU = Release|Any CPU
		Release|ARM = Release|ARM
		Release|x64 = Release|x64
		Release|x86 = Release|x86
	EndGlobalSection
	GlobalSection(ProjectConfigurationPlatforms) = postSolution
		{EB620A42-B076-442C-9E5F-32681A1AF63B}.Debug|Any CPU.ActiveCfg = Debug|Any CPU
		{EB620A42-B076-442C-9E5F-32681A1AF63B}.Debug|Any CPU.Build.0 = Debug|Any CPU
		{EB620A42-B076-442C-9E5F-32681A1AF63B}.Debug|ARM.ActiveCfg = Debug|Any CPU
		{EB620A42-B076-442C-9E5F-32681A1AF63B}.Debug|ARM.Build.0 = Debug|Any CPU
		{EB620A42-B076-442C-9E5F-32681A1AF63B}.Debug|x64.ActiveCfg = Debug|Any CPU
		{EB620A42-B076-442C-9E5F-32681A1AF63B}.Debug|x64.Build.0 = Debug|Any CPU
		{EB620A42-B076-442C-9E5F-32681A1AF63B}.Debug|x86.ActiveCfg = Debug|Any CPU
		{EB620A42-B076-442C-9E5F-32681A1AF63B}.Debug|x86.Build.0 = Debug|Any CPU
		{EB620A42-B076-442C-9E5F-32681A1AF63B}.Release|Any CPU.ActiveCfg = Release|Any CPU
		{EB620A42-B076-442C-9E5F-32681A1AF63B}.Release|Any CPU.Build.0 = Release|Any CPU
		{EB620A42-B076-442C-9E5F-32681A1AF63B}.Release|ARM.ActiveCfg = Release|Any CPU
		{EB620A42-B076-442C-9E5F-32681A1AF63B}.Release|ARM.Build.0 = Release|Any CPU
		{EB620A42-B076-442C-9E5F-32681A1AF63B}.Release|x64.ActiveCfg = Release|Any CPU
		{EB620A42-B076-442C-9E5F-32681A1AF63B}.Release|x64.Build.0 = Release|Any CPU
		{EB620A42-B076-442C-9E5F-32681A1AF63B}.Release|x86.ActiveCfg = Release|Any CPU
		{EB620A42-B076-442C-9E5F-32681A1AF63B}.Release|x86.Build.0 = Release|Any CPU
		{3499DD93-BD41-47D8-80D8-E827C905505A}.Debug|Any CPU.ActiveCfg = Debug|Any CPU
		{3499DD93-BD41-47D8-80D8-E827C905505A}.Debug|Any CPU.Build.0 = Debug|Any CPU
		{3499DD93-BD41-47D8-80D8-E827C905505A}.Debug|ARM.ActiveCfg = Debug|Any CPU
		{3499DD93-BD41-47D8-80D8-E827C905505A}.Debug|ARM.Build.0 = Debug|Any CPU
		{3499DD93-BD41-47D8-80D8-E827C905505A}.Debug|x64.ActiveCfg = Debug|Any CPU
		{3499DD93-BD41-47D8-80D8-E827C905505A}.Debug|x64.Build.0 = Debug|Any CPU
		{3499DD93-BD41-47D8-80D8-E827C905505A}.Debug|x86.ActiveCfg = Debug|Any CPU
		{3499DD93-BD41-47D8-80D8-E827C905505A}.Debug|x86.Build.0 = Debug|Any CPU
		{3499DD93-BD41-47D8-80D8-E827C905505A}.Release|Any CPU.ActiveCfg = Release|Any CPU
		{3499DD93-BD41-47D8-80D8-E827C905505A}.Release|Any CPU.Build.0 = Release|Any CPU
		{3499DD93-BD41-47D8-80D8-E827C905505A}.Release|ARM.ActiveCfg = Release|Any CPU
		{3499DD93-BD41-47D8-80D8-E827C905505A}.Release|ARM.Build.0 = Release|Any CPU
		{3499DD93-BD41-47D8-80D8-E827C905505A}.Release|x64.ActiveCfg = Release|Any CPU
		{3499DD93-BD41-47D8-80D8-E827C905505A}.Release|x64.Build.0 = Release|Any CPU
		{3499DD93-BD41-47D8-80D8-E827C905505A}.Release|x86.ActiveCfg = Release|Any CPU
		{3499DD93-BD41-47D8-80D8-E827C905505A}.Release|x86.Build.0 = Release|Any CPU
	EndGlobalSection
	GlobalSection(SolutionProperties) = preSolution
		HideSolutionNode = FALSE
	EndGlobalSection
EndGlobal
